
Microsoft Visual Studio Solution File, Format Version 11.00
# Visual Studio 2010
Project("{F184B08F-C81C-45F6-A57F-5ABD9991F28F}") = "My Diary", "WindowsApplication2\My Diary.vbproj", "{874E85DA-D015-4085-B507-FE5039EA9B54}"
EndProject
Global
	GlobalSection(SolutionConfigurationPlatforms) = preSolution
		Debug|x86 = Debug|x86
		Release|x86 = Release|x86
	EndGlobalSection
	GlobalSection(ProjectConfigurationPlatforms) = postSolution
		{874E85DA-D015-4085-B507-FE5039EA9B54}.Debug|x86.ActiveCfg = Debug|x86
		{874E85DA-D015-4085-B507-FE5039EA9B54}.Debug|x86.Build.0 = Debug|x86
		{874E85DA-D015-4085-B507-FE5039EA9B54}.Release|x86.ActiveCfg = Release|x86
		{874E85DA-D015-4085-B507-FE5039EA9B54}.Release|x86.Build.0 = Release|x86
	EndGlobalSection
	GlobalSection(SolutionProperties) = preSolution
		HideSolutionNode = FALSE
	EndGlobalSection
EndGlobal
